# This file was autogenerated by Stack.
# You should not edit this file by hand.
# For more information, please see the documentation at:
#   https://docs.haskellstack.org/en/stable/lock_files

packages:
- completed:
    hackage: argparser-0.3.4@sha256:f277e6d568e88f0698a0ce1f2dc719d90717ffe99c8622302f65389f2a8ed01c,1952
    pantry-tree:
      size: 1449
      sha256: 8c4dd60221760f9fdc9298baa72ff6cd4ed6ee32353141b04cf243d9286b314e
  original:
    hackage: argparser-0.3.4@sha256:f277e6d568e88f0698a0ce1f2dc719d90717ffe99c8622302f65389f2a8ed01c,1952
- completed:
    hackage: bitwise-1.0.0.1@sha256:ff25f026c0aca839f0fbb230666f812a9ab73d9b99e3b5b8dcd1bd998419d0d6,3110
    pantry-tree:
      size: 760
      sha256: ea1dfd840c26e37c818730f06ea716d1ce0b74c59fc8c1651422fd6c943f5895
  original:
    hackage: bitwise-1.0.0.1@sha256:ff25f026c0aca839f0fbb230666f812a9ab73d9b99e3b5b8dcd1bd998419d0d6,3110
- completed:
    hackage: z3-408.1@sha256:809968ed9329172448a7c89ce327cfa1c9632272d2a2c06211025257100c5c93,4116
    pantry-tree:
      size: 1475
      sha256: abb36d87c8790196fada5754fdbcc88eaf8c956ac419aa8544718d15eb3a0ae5
  original:
    hackage: z3-408.1@sha256:809968ed9329172448a7c89ce327cfa1c9632272d2a2c06211025257100c5c93,4116
- completed:
    hackage: assert-0.0.1.2@sha256:d1839198cf04396641280154e766ea3340f6109849d9d243286256f5fa744754,1413
    pantry-tree:
      size: 279
      sha256: a00d6acfb5bd10a546e0436e9ac94343c42997214fec5f869d0a5b1edd4f24a0
  original:
    hackage: assert-0.0.1.2@sha256:d1839198cf04396641280154e766ea3340f6109849d9d243286256f5fa744754,1413
- completed:
    hackage: strings-1.1@sha256:0285dec4c8ab262359342b3e5ef1eb567074669461b9b38404f1cb870c881c5c,1617
    pantry-tree:
      size: 212
      sha256: 876e5a679244143e2a7e74357427c7522a8d61f68a4cc3ae265fe4960b75a2e2
  original:
    hackage: strings-1.1@sha256:0285dec4c8ab262359342b3e5ef1eb567074669461b9b38404f1cb870c881c5c,1617
snapshots:
- completed:
    size: 524996
    url: https://raw.githubusercontent.com/commercialhaskell/stackage-snapshots/master/lts/14/27.yaml
    sha256: 7ea31a280c56bf36ff591a7397cc384d0dff622e7f9e4225b47d8980f019a0f0
  original: lts-14.27
